
Microsoft Visual Studio Solution File, Format Version 12.00
# Visual Studio Version 16
VisualStudioVersion = 16.0.30114.105
MinimumVisualStudioVersion = 10.0.40219.1
Project("{FAE04EC0-301F-11D3-BF4B-00C04F79EFBC}") = "R5T.Maoursi.Base", "R5T.Maoursi.Base\R5T.Maoursi.Base.csproj", "{8C8D2EFC-FBF5-48DC-AB4B-AB989BBA2EB1}"
EndProject
Project("{FAE04EC0-301F-11D3-BF4B-00C04F79EFBC}") = "R5T.Maoursi.Base.Construction", "R5T.Maoursi.Base.Construction\R5T.Maoursi.Base.Construction.csproj", "{51CC7209-026B-46F2-885B-DF450F447754}"
EndProject
Project("{2150E333-8FDC-42A3-9474-1A3956D46DE8}") = "_Dependencies", "_Dependencies", "{3D96314F-A6BF-4262-8DC4-A2CE37732F91}"
EndProject
Project("{FAE04EC0-301F-11D3-BF4B-00C04F79EFBC}") = "R5T.T0064", "..\..\R5T.T0064\source\R5T.T0064\R5T.T0064.csproj", "{CF23F4DC-D56B-48E5-8F11-C2EF93F7F8F8}"
EndProject
Global
	GlobalSection(SolutionConfigurationPlatforms) = preSolution
		Debug|Any CPU = Debug|Any CPU
		Debug|x64 = Debug|x64
		Debug|x86 = Debug|x86
		Release|Any CPU = Release|Any CPU
		Release|x64 = Release|x64
		Release|x86 = Release|x86
	EndGlobalSection
	GlobalSection(SolutionProperties) = preSolution
		HideSolutionNode = FALSE
	EndGlobalSection
	GlobalSection(ProjectConfigurationPlatforms) = postSolution
		{8C8D2EFC-FBF5-48DC-AB4B-AB989BBA2EB1}.Debug|Any CPU.ActiveCfg = Debug|Any CPU
		{8C8D2EFC-FBF5-48DC-AB4B-AB989BBA2EB1}.Debug|Any CPU.Build.0 = Debug|Any CPU
		{8C8D2EFC-FBF5-48DC-AB4B-AB989BBA2EB1}.Debug|x64.ActiveCfg = Debug|Any CPU
		{8C8D2EFC-FBF5-48DC-AB4B-AB989BBA2EB1}.Debug|x64.Build.0 = Debug|Any CPU
		{8C8D2EFC-FBF5-48DC-AB4B-AB989BBA2EB1}.Debug|x86.ActiveCfg = Debug|Any CPU
		{8C8D2EFC-FBF5-48DC-AB4B-AB989BBA2EB1}.Debug|x86.Build.0 = Debug|Any CPU
		{8C8D2EFC-FBF5-48DC-AB4B-AB989BBA2EB1}.Release|Any CPU.ActiveCfg = Release|Any CPU
		{8C8D2EFC-FBF5-48DC-AB4B-AB989BBA2EB1}.Release|Any CPU.Build.0 = Release|Any CPU
		{8C8D2EFC-FBF5-48DC-AB4B-AB989BBA2EB1}.Release|x64.ActiveCfg = Release|Any CPU
		{8C8D2EFC-FBF5-48DC-AB4B-AB989BBA2EB1}.Release|x64.Build.0 = Release|Any CPU
		{8C8D2EFC-FBF5-48DC-AB4B-AB989BBA2EB1}.Release|x86.ActiveCfg = Release|Any CPU
		{8C8D2EFC-FBF5-48DC-AB4B-AB989BBA2EB1}.Release|x86.Build.0 = Release|Any CPU
		{51CC7209-026B-46F2-885B-DF450F447754}.Debug|Any CPU.ActiveCfg = Debug|Any CPU
		{51CC7209-026B-46F2-885B-DF450F447754}.Debug|Any CPU.Build.0 = Debug|Any CPU
		{51CC7209-026B-46F2-885B-DF450F447754}.Debug|x64.ActiveCfg = Debug|Any CPU
		{51CC7209-026B-46F2-885B-DF450F447754}.Debug|x64.Build.0 = Debug|Any CPU
		{51CC7209-026B-46F2-885B-DF450F447754}.Debug|x86.ActiveCfg = Debug|Any CPU
		{51CC7209-026B-46F2-885B-DF450F447754}.Debug|x86.Build.0 = Debug|Any CPU
		{51CC7209-026B-46F2-885B-DF450F447754}.Release|Any CPU.ActiveCfg = Release|Any CPU
		{51CC7209-026B-46F2-885B-DF450F447754}.Release|Any CPU.Build.0 = Release|Any CPU
		{51CC7209-026B-46F2-885B-DF450F447754}.Release|x64.ActiveCfg = Release|Any CPU
		{51CC7209-026B-46F2-885B-DF450F447754}.Release|x64.Build.0 = Release|Any CPU
		{51CC7209-026B-46F2-885B-DF450F447754}.Release|x86.ActiveCfg = Release|Any CPU
		{51CC7209-026B-46F2-885B-DF450F447754}.Release|x86.Build.0 = Release|Any CPU
		{CF23F4DC-D56B-48E5-8F11-C2EF93F7F8F8}.Debug|Any CPU.ActiveCfg = Debug|Any CPU
		{CF23F4DC-D56B-48E5-8F11-C2EF93F7F8F8}.Debug|Any CPU.Build.0 = Debug|Any CPU
		{CF23F4DC-D56B-48E5-8F11-C2EF93F7F8F8}.Debug|x64.ActiveCfg = Debug|Any CPU
		{CF23F4DC-D56B-48E5-8F11-C2EF93F7F8F8}.Debug|x64.Build.0 = Debug|Any CPU
		{CF23F4DC-D56B-48E5-8F11-C2EF93F7F8F8}.Debug|x86.ActiveCfg = Debug|Any CPU
		{CF23F4DC-D56B-48E5-8F11-C2EF93F7F8F8}.Debug|x86.Build.0 = Debug|Any CPU
		{CF23F4DC-D56B-48E5-8F11-C2EF93F7F8F8}.Release|Any CPU.ActiveCfg = Release|Any CPU
		{CF23F4DC-D56B-48E5-8F11-C2EF93F7F8F8}.Release|Any CPU.Build.0 = Release|Any CPU
		{CF23F4DC-D56B-48E5-8F11-C2EF93F7F8F8}.Release|x64.ActiveCfg = Release|Any CPU
		{CF23F4DC-D56B-48E5-8F11-C2EF93F7F8F8}.Release|x64.Build.0 = Release|Any CPU
		{CF23F4DC-D56B-48E5-8F11-C2EF93F7F8F8}.Release|x86.ActiveCfg = Release|Any CPU
		{CF23F4DC-D56B-48E5-8F11-C2EF93F7F8F8}.Release|x86.Build.0 = Release|Any CPU
	EndGlobalSection
	GlobalSection(NestedProjects) = preSolution
		{CF23F4DC-D56B-48E5-8F11-C2EF93F7F8F8} = {3D96314F-A6BF-4262-8DC4-A2CE37732F91}
	EndGlobalSection
EndGlobal
