
Microsoft Visual Studio Solution File, Format Version 12.00
# Visual Studio 15
VisualStudioVersion = 15.0.26124.0
MinimumVisualStudioVersion = 15.0.26124.0
Project("{FAE04EC0-301F-11D3-BF4B-00C04F79EFBC}") = "R5T.Maoursi.Base.Construction", "R5T.Maoursi.Base.Construction\R5T.Maoursi.Base.Construction.csproj", "{38831471-E0DD-48F5-B369-836229478548}"
EndProject
Project("{FAE04EC0-301F-11D3-BF4B-00C04F79EFBC}") = "R5T.Maoursi.Base", "R5T.Maoursi.Base\R5T.Maoursi.Base.csproj", "{DFB69750-6481-4025-B271-84B12BC18E9B}"
EndProject
Project("{2150E333-8FDC-42A3-9474-1A3956D46DE8}") = "_Dependencies", "_Dependencies", "{9FB09ACC-39BE-4673-9A8A-C33F98656BC4}"
EndProject
Project("{FAE04EC0-301F-11D3-BF4B-00C04F79EFBC}") = "R5T.T0064", "..\..\R5T.T0064\source\R5T.T0064\R5T.T0064.csproj", "{60E091F8-3733-4FFC-8F0F-CE808948C270}"
EndProject
Global
	GlobalSection(SolutionConfigurationPlatforms) = preSolution
		Debug|Any CPU = Debug|Any CPU
		Debug|x64 = Debug|x64
		Debug|x86 = Debug|x86
		Release|Any CPU = Release|Any CPU
		Release|x64 = Release|x64
		Release|x86 = Release|x86
	EndGlobalSection
	GlobalSection(SolutionProperties) = preSolution
		HideSolutionNode = FALSE
	EndGlobalSection
	GlobalSection(ProjectConfigurationPlatforms) = postSolution
		{38831471-E0DD-48F5-B369-836229478548}.Debug|Any CPU.ActiveCfg = Debug|Any CPU
		{38831471-E0DD-48F5-B369-836229478548}.Debug|Any CPU.Build.0 = Debug|Any CPU
		{38831471-E0DD-48F5-B369-836229478548}.Debug|x64.ActiveCfg = Debug|Any CPU
		{38831471-E0DD-48F5-B369-836229478548}.Debug|x64.Build.0 = Debug|Any CPU
		{38831471-E0DD-48F5-B369-836229478548}.Debug|x86.ActiveCfg = Debug|Any CPU
		{38831471-E0DD-48F5-B369-836229478548}.Debug|x86.Build.0 = Debug|Any CPU
		{38831471-E0DD-48F5-B369-836229478548}.Release|Any CPU.ActiveCfg = Release|Any CPU
		{38831471-E0DD-48F5-B369-836229478548}.Release|Any CPU.Build.0 = Release|Any CPU
		{38831471-E0DD-48F5-B369-836229478548}.Release|x64.ActiveCfg = Release|Any CPU
		{38831471-E0DD-48F5-B369-836229478548}.Release|x64.Build.0 = Release|Any CPU
		{38831471-E0DD-48F5-B369-836229478548}.Release|x86.ActiveCfg = Release|Any CPU
		{38831471-E0DD-48F5-B369-836229478548}.Release|x86.Build.0 = Release|Any CPU
		{DFB69750-6481-4025-B271-84B12BC18E9B}.Debug|Any CPU.ActiveCfg = Debug|Any CPU
		{DFB69750-6481-4025-B271-84B12BC18E9B}.Debug|Any CPU.Build.0 = Debug|Any CPU
		{DFB69750-6481-4025-B271-84B12BC18E9B}.Debug|x64.ActiveCfg = Debug|Any CPU
		{DFB69750-6481-4025-B271-84B12BC18E9B}.Debug|x64.Build.0 = Debug|Any CPU
		{DFB69750-6481-4025-B271-84B12BC18E9B}.Debug|x86.ActiveCfg = Debug|Any CPU
		{DFB69750-6481-4025-B271-84B12BC18E9B}.Debug|x86.Build.0 = Debug|Any CPU
		{DFB69750-6481-4025-B271-84B12BC18E9B}.Release|Any CPU.ActiveCfg = Release|Any CPU
		{DFB69750-6481-4025-B271-84B12BC18E9B}.Release|Any CPU.Build.0 = Release|Any CPU
		{DFB69750-6481-4025-B271-84B12BC18E9B}.Release|x64.ActiveCfg = Release|Any CPU
		{DFB69750-6481-4025-B271-84B12BC18E9B}.Release|x64.Build.0 = Release|Any CPU
		{DFB69750-6481-4025-B271-84B12BC18E9B}.Release|x86.ActiveCfg = Release|Any CPU
		{DFB69750-6481-4025-B271-84B12BC18E9B}.Release|x86.Build.0 = Release|Any CPU
		{60E091F8-3733-4FFC-8F0F-CE808948C270}.Debug|Any CPU.ActiveCfg = Debug|Any CPU
		{60E091F8-3733-4FFC-8F0F-CE808948C270}.Debug|Any CPU.Build.0 = Debug|Any CPU
		{60E091F8-3733-4FFC-8F0F-CE808948C270}.Debug|x64.ActiveCfg = Debug|Any CPU
		{60E091F8-3733-4FFC-8F0F-CE808948C270}.Debug|x64.Build.0 = Debug|Any CPU
		{60E091F8-3733-4FFC-8F0F-CE808948C270}.Debug|x86.ActiveCfg = Debug|Any CPU
		{60E091F8-3733-4FFC-8F0F-CE808948C270}.Debug|x86.Build.0 = Debug|Any CPU
		{60E091F8-3733-4FFC-8F0F-CE808948C270}.Release|Any CPU.ActiveCfg = Release|Any CPU
		{60E091F8-3733-4FFC-8F0F-CE808948C270}.Release|Any CPU.Build.0 = Release|Any CPU
		{60E091F8-3733-4FFC-8F0F-CE808948C270}.Release|x64.ActiveCfg = Release|Any CPU
		{60E091F8-3733-4FFC-8F0F-CE808948C270}.Release|x64.Build.0 = Release|Any CPU
		{60E091F8-3733-4FFC-8F0F-CE808948C270}.Release|x86.ActiveCfg = Release|Any CPU
		{60E091F8-3733-4FFC-8F0F-CE808948C270}.Release|x86.Build.0 = Release|Any CPU
	EndGlobalSection
	GlobalSection(NestedProjects) = preSolution
		{60E091F8-3733-4FFC-8F0F-CE808948C270} = {9FB09ACC-39BE-4673-9A8A-C33F98656BC4}
	EndGlobalSection
EndGlobal
